// !$*UTF8*$!
{
	archiveVersion = 1;
	classes = {
	};
	objectVersion = 56;
	objects = {

/* Begin PBXBuildFile section */
		0A0EF36728F09E9B005DB3E6 /* AppDelegate.swift in Sources */ = {isa = PBXBuildFile; fileRef = 0A0EF36628F09E9B005DB3E6 /* AppDelegate.swift */; };
		0A0EF36928F09E9C005DB3E6 /* SceneDelegate.swift in Sources */ = {isa = PBXBuildFile; fileRef = 0A0EF36828F09E9B005DB3E6 /* SceneDelegate.swift */; };
		0A0EF36B28F09E9C005DB3E6 /* ViewController.swift in Sources */ = {isa = PBXBuildFile; fileRef = 0A0EF36A28F09E9C005DB3E6 /* ViewController.swift */; };
		0A0EF36E28F09E9C005DB3E6 /* Main.storyboard in Resources */ = {isa = PBXBuildFile; fileRef = 0A0EF36C28F09E9C005DB3E6 /* Main.storyboard */; };
		0A0EF37028F09E9E005DB3E6 /* Assets.xcassets in Resources */ = {isa = PBXBuildFile; fileRef = 0A0EF36F28F09E9E005DB3E6 /* Assets.xcassets */; };
		0A0EF37328F09E9E005DB3E6 /* LaunchScreen.storyboard in Resources */ = {isa = PBXBuildFile; fileRef = 0A0EF37128F09E9E005DB3E6 /* LaunchScreen.storyboard */; };
		0A0EF37C28F0B416005DB3E6 /* CreHappiness-B.ttf in Resources */ = {isa = PBXBuildFile; fileRef = 0A0EF37B28F0B416005DB3E6 /* CreHappiness-B.ttf */; };
		0A0EF37E28F0B5BD005DB3E6 /* CreHappinessL.ttf in Resources */ = {isa = PBXBuildFile; fileRef = 0A0EF37D28F0B5BD005DB3E6 /* CreHappinessL.ttf */; };
		0A3BEEEF28F48BBB00EEDC02 /* CategoryItem.swift in Sources */ = {isa = PBXBuildFile; fileRef = 0A3BEEEE28F48BBB00EEDC02 /* CategoryItem.swift */; };
		0A45093C28F1B5AE00D8E791 /* KampanyaCollectionViewCell.swift in Sources */ = {isa = PBXBuildFile; fileRef = 0A45093B28F1B5AE00D8E791 /* KampanyaCollectionViewCell.swift */; };
		0AC20EC428F1F2D900326F6F /* HexagonCollectionViewCell.swift in Sources */ = {isa = PBXBuildFile; fileRef = 0AC20EC328F1F2D900326F6F /* HexagonCollectionViewCell.swift */; };
		0AC20EC628F1F3AE00326F6F /* HexagonKampanyaItem.swift in Sources */ = {isa = PBXBuildFile; fileRef = 0AC20EC528F1F3AE00326F6F /* HexagonKampanyaItem.swift */; };
		0AC20EC828F202C200326F6F /* CategoriesCollectionViewCell.swift in Sources */ = {isa = PBXBuildFile; fileRef = 0AC20EC728F202C200326F6F /* CategoriesCollectionViewCell.swift */; };
/* End PBXBuildFile section */

/* Begin PBXFileReference section */
		0A0EF36328F09E9B005DB3E6 /* IsteGelsinClone.app */ = {isa = PBXFileReference; explicitFileType = wrapper.application; includeInIndex = 0; path = IsteGelsinClone.app; sourceTree = BUILT_PRODUCTS_DIR; };
		0A0EF36628F09E9B005DB3E6 /* AppDelegate.swift */ = {isa = PBXFileReference; lastKnownFileType = sourcecode.swift; path = AppDelegate.swift; sourceTree = "<group>"; };
		0A0EF36828F09E9B005DB3E6 /* SceneDelegate.swift */ = {isa = PBXFileReference; lastKnownFileType = sourcecode.swift; path = SceneDelegate.swift; sourceTree = "<group>"; };
		0A0EF36A28F09E9C005DB3E6 /* ViewController.swift */ = {isa = PBXFileReference; lastKnownFileType = sourcecode.swift; path = ViewController.swift; sourceTree = "<group>"; };
		0A0EF36D28F09E9C005DB3E6 /* Base */ = {isa = PBXFileReference; lastKnownFileType = file.storyboard; name = Base; path = Base.lproj/Main.storyboard; sourceTree = "<group>"; };
		0A0EF36F28F09E9E005DB3E6 /* Assets.xcassets */ = {isa = PBXFileReference; lastKnownFileType = folder.assetcatalog; path = Assets.xcassets; sourceTree = "<group>"; };
		0A0EF37228F09E9E005DB3E6 /* Base */ = {isa = PBXFileReference; lastKnownFileType = file.storyboard; name = Base; path = Base.lproj/LaunchScreen.storyboard; sourceTree = "<group>"; };
		0A0EF37428F09E9E005DB3E6 /* Info.plist */ = {isa = PBXFileReference; lastKnownFileType = text.plist.xml; path = Info.plist; sourceTree = "<group>"; };
		0A0EF37B28F0B416005DB3E6 /* CreHappiness-B.ttf */ = {isa = PBXFileReference; lastKnownFileType = file; path = "CreHappiness-B.ttf"; sourceTree = "<group>"; };
		0A0EF37D28F0B5BD005DB3E6 /* CreHappinessL.ttf */ = {isa = PBXFileReference; lastKnownFileType = file; path = CreHappinessL.ttf; sourceTree = "<group>"; };
		0A3BEEEE28F48BBB00EEDC02 /* CategoryItem.swift */ = {isa = PBXFileReference; lastKnownFileType = sourcecode.swift; path = CategoryItem.swift; sourceTree = "<group>"; };
		0A45093B28F1B5AE00D8E791 /* KampanyaCollectionViewCell.swift */ = {isa = PBXFileReference; lastKnownFileType = sourcecode.swift; path = KampanyaCollectionViewCell.swift; sourceTree = "<group>"; };
		0AC20EC328F1F2D900326F6F /* HexagonCollectionViewCell.swift */ = {isa = PBXFileReference; lastKnownFileType = sourcecode.swift; path = HexagonCollectionViewCell.swift; sourceTree = "<group>"; };
		0AC20EC528F1F3AE00326F6F /* HexagonKampanyaItem.swift */ = {isa = PBXFileReference; lastKnownFileType = sourcecode.swift; path = HexagonKampanyaItem.swift; sourceTree = "<group>"; };
		0AC20EC728F202C200326F6F /* CategoriesCollectionViewCell.swift */ = {isa = PBXFileReference; lastKnownFileType = sourcecode.swift; path = CategoriesCollectionViewCell.swift; sourceTree = "<group>"; };
/* End PBXFileReference section */

/* Begin PBXFrameworksBuildPhase section */
		0A0EF36028F09E9B005DB3E6 /* Frameworks */ = {
			isa = PBXFrameworksBuildPhase;
			buildActionMask = 2147483647;
			files = (
			);
			runOnlyForDeploymentPostprocessing = 0;
		};
/* End PBXFrameworksBuildPhase section */

/* Begin PBXGroup section */
		0A0EF35A28F09E9B005DB3E6 = {
			isa = PBXGroup;
			children = (
				0A0EF36528F09E9B005DB3E6 /* IsteGelsinClone */,
				0A0EF36428F09E9B005DB3E6 /* Products */,
			);
			sourceTree = "<group>";
		};
		0A0EF36428F09E9B005DB3E6 /* Products */ = {
			isa = PBXGroup;
			children = (
				0A0EF36328F09E9B005DB3E6 /* IsteGelsinClone.app */,
			);
			name = Products;
			sourceTree = "<group>";
		};
		0A0EF36528F09E9B005DB3E6 /* IsteGelsinClone */ = {
			isa = PBXGroup;
			children = (
				0A0EF36628F09E9B005DB3E6 /* AppDelegate.swift */,
				0A0EF36828F09E9B005DB3E6 /* SceneDelegate.swift */,
				0A0EF36A28F09E9C005DB3E6 /* ViewController.swift */,
				0A45093B28F1B5AE00D8E791 /* KampanyaCollectionViewCell.swift */,
				0AC20EC328F1F2D900326F6F /* HexagonCollectionViewCell.swift */,
				0AC20EC528F1F3AE00326F6F /* HexagonKampanyaItem.swift */,
				0AC20EC728F202C200326F6F /* CategoriesCollectionViewCell.swift */,
				0A3BEEEE28F48BBB00EEDC02 /* CategoryItem.swift */,
				0A0EF36C28F09E9C005DB3E6 /* Main.storyboard */,
				0A0EF36F28F09E9E005DB3E6 /* Assets.xcassets */,
				0A0EF37128F09E9E005DB3E6 /* LaunchScreen.storyboard */,
				0A0EF37428F09E9E005DB3E6 /* Info.plist */,
				0A0EF37A28F0B40F005DB3E6 /* Fonts */,
			);
			path = IsteGelsinClone;
			sourceTree = "<group>";
		};
		0A0EF37A28F0B40F005DB3E6 /* Fonts */ = {
			isa = PBXGroup;
			children = (
				0A0EF37B28F0B416005DB3E6 /* CreHappiness-B.ttf */,
				0A0EF37D28F0B5BD005DB3E6 /* CreHappinessL.ttf */,
			);
			path = Fonts;
			sourceTree = "<group>";
		};
/* End PBXGroup section */

/* Begin PBXNativeTarget section */
		0A0EF36228F09E9B005DB3E6 /* IsteGelsinClone */ = {
			isa = PBXNativeTarget;
			buildConfigurationList = 0A0EF37728F09E9E005DB3E6 /* Build configuration list for PBXNativeTarget "IsteGelsinClone" */;
			buildPhases = (
				0A0EF35F28F09E9B005DB3E6 /* Sources */,
				0A0EF36028F09E9B005DB3E6 /* Frameworks */,
				0A0EF36128F09E9B005DB3E6 /* Resources */,
			);
			buildRules = (
			);
			dependencies = (
			);
			name = IsteGelsinClone;
			productName = IsteGelsinClone;
			productReference = 0A0EF36328F09E9B005DB3E6 /* IsteGelsinClone.app */;
			productType = "com.apple.product-type.application";
		};
/* End PBXNativeTarget section */

/* Begin PBXProject section */
		0A0EF35B28F09E9B005DB3E6 /* Project object */ = {
			isa = PBXProject;
			attributes = {
				BuildIndependentTargetsInParallel = 1;
				LastSwiftUpdateCheck = 1400;
				LastUpgradeCheck = 1400;
				TargetAttributes = {
					0A0EF36228F09E9B005DB3E6 = {
						CreatedOnToolsVersion = 14.0.1;
					};
				};
			};
			buildConfigurationList = 0A0EF35E28F09E9B005DB3E6 /* Build configuration list for PBXProject "IsteGelsinClone" */;
			compatibilityVersion = "Xcode 14.0";
			developmentRegion = en;
			hasScannedForEncodings = 0;
			knownRegions = (
				en,
				Base,
			);
			mainGroup = 0A0EF35A28F09E9B005DB3E6;
			productRefGroup = 0A0EF36428F09E9B005DB3E6 /* Products */;
			projectDirPath = "";
			projectRoot = "";
			targets = (
				0A0EF36228F09E9B005DB3E6 /* IsteGelsinClone */,
			);
		};
/* End PBXProject section */

/* Begin PBXResourcesBuildPhase section */
		0A0EF36128F09E9B005DB3E6 /* Resources */ = {
			isa = PBXResourcesBuildPhase;
			buildActionMask = 2147483647;
			files = (
				0A0EF37328F09E9E005DB3E6 /* LaunchScreen.storyboard in Resources */,
				0A0EF37C28F0B416005DB3E6 /* CreHappiness-B.ttf in Resources */,
				0A0EF37E28F0B5BD005DB3E6 /* CreHappinessL.ttf in Resources */,
				0A0EF37028F09E9E005DB3E6 /* Assets.xcassets in Resources */,
				0A0EF36E28F09E9C005DB3E6 /* Main.storyboard in Resources */,
			);
			runOnlyForDeploymentPostprocessing = 0;
		};
/* End PBXResourcesBuildPhase section */

/* Begin PBXSourcesBuildPhase section */
		0A0EF35F28F09E9B005DB3E6 /* Sources */ = {
			isa = PBXSourcesBuildPhase;
			buildActionMask = 2147483647;
			files = (
				0A45093C28F1B5AE00D8E791 /* KampanyaCollectionViewCell.swift in Sources */,
				0AC20EC828F202C200326F6F /* CategoriesCollectionViewCell.swift in Sources */,
				0A3BEEEF28F48BBB00EEDC02 /* CategoryItem.swift in Sources */,
				0A0EF36B28F09E9C005DB3E6 /* ViewController.swift in Sources */,
				0A0EF36728F09E9B005DB3E6 /* AppDelegate.swift in Sources */,
				0AC20EC428F1F2D900326F6F /* HexagonCollectionViewCell.swift in Sources */,
				0A0EF36928F09E9C005DB3E6 /* SceneDelegate.swift in Sources */,
				0AC20EC628F1F3AE00326F6F /* HexagonKampanyaItem.swift in Sources */,
			);
			runOnlyForDeploymentPostprocessing = 0;
		};
/* End PBXSourcesBuildPhase section */

/* Begin PBXVariantGroup section */
		0A0EF36C28F09E9C005DB3E6 /* Main.storyboard */ = {
			isa = PBXVariantGroup;
			children = (
				0A0EF36D28F09E9C005DB3E6 /* Base */,
			);
			name = Main.storyboard;
			sourceTree = "<group>";
		};
		0A0EF37128F09E9E005DB3E6 /* LaunchScreen.storyboard */ = {
			isa = PBXVariantGroup;
			children = (
				0A0EF37228F09E9E005DB3E6 /* Base */,
			);
			name = LaunchScreen.storyboard;
			sourceTree = "<group>";
		};
/* End PBXVariantGroup section */

/* Begin XCBuildConfiguration section */
		0A0EF37528F09E9E005DB3E6 /* Debug */ = {
			isa = XCBuildConfiguration;
			buildSettings = {
				ALWAYS_SEARCH_USER_PATHS = NO;
				CLANG_ANALYZER_NONNULL = YES;
				CLANG_ANALYZER_NUMBER_OBJECT_CONVERSION = YES_AGGRESSIVE;
				CLANG_CXX_LANGUAGE_STANDARD = "gnu++20";
				CLANG_ENABLE_MODULES = YES;
				CLANG_ENABLE_OBJC_ARC = YES;
				CLANG_ENABLE_OBJC_WEAK = YES;
				CLANG_WARN_BLOCK_CAPTURE_AUTORELEASING = YES;
				CLANG_WARN_BOOL_CONVERSION = YES;
				CLANG_WARN_COMMA = YES;
				CLANG_WARN_CONSTANT_CONVERSION = YES;
				CLANG_WARN_DEPRECATED_OBJC_IMPLEMENTATIONS = YES;
				CLANG_WARN_DIRECT_OBJC_ISA_USAGE = YES_ERROR;
				CLANG_WARN_DOCUMENTATION_COMMENTS = YES;
				CLANG_WARN_EMPTY_BODY = YES;
				CLANG_WARN_ENUM_CONVERSION = YES;
				CLANG_WARN_INFINITE_RECURSION = YES;
				CLANG_WARN_INT_CONVERSION = YES;
				CLANG_WARN_NON_LITERAL_NULL_CONVERSION = YES;
				CLANG_WARN_OBJC_IMPLICIT_RETAIN_SELF = YES;
				CLANG_WARN_OBJC_LITERAL_CONVERSION = YES;
				CLANG_WARN_OBJC_ROOT_CLASS = YES_ERROR;
				CLANG_WARN_QUOTED_INCLUDE_IN_FRAMEWORK_HEADER = YES;
				CLANG_WARN_RANGE_LOOP_ANALYSIS = YES;
				CLANG_WARN_STRICT_PROTOTYPES = YES;
				CLANG_WARN_SUSPICIOUS_MOVE = YES;
				CLANG_WARN_UNGUARDED_AVAILABILITY = YES_AGGRESSIVE;
				CLANG_WARN_UNREACHABLE_CODE = YES;
				CLANG_WARN__DUPLICATE_METHOD_MATCH = YES;
				COPY_PHASE_STRIP = NO;
				DEBUG_INFORMATION_FORMAT = dwarf;
				ENABLE_STRICT_OBJC_MSGSEND = YES;
				ENABLE_TESTABILITY = YES;
				GCC_C_LANGUAGE_STANDARD = gnu11;
				GCC_DYNAMIC_NO_PIC = NO;
				GCC_NO_COMMON_BLOCKS = YES;
				GCC_OPTIMIZATION_LEVEL = 0;
				GCC_PREPROCESSOR_DEFINITIONS = (
					"DEBUG=1",
					"$(inherited)",
				);
				GCC_WARN_64_TO_32_BIT_CONVERSION = YES;
				GCC_WARN_ABOUT_RETURN_TYPE = YES_ERROR;
				GCC_WARN_UNDECLARED_SELECTOR = YES;
				GCC_WARN_UNINITIALIZED_AUTOS = YES_AGGRESSIVE;
				GCC_WARN_UNUSED_FUNCTION = YES;
				GCC_WARN_UNUSED_VARIABLE = YES;
				IPHONEOS_DEPLOYMENT_TARGET = 15.5;
				MTL_ENABLE_DEBUG_INFO = INCLUDE_SOURCE;
				MTL_FAST_MATH = YES;
				ONLY_ACTIVE_ARCH = YES;
				SDKROOT = iphoneos;
				SWIFT_ACTIVE_COMPILATION_CONDITIONS = DEBUG;
				SWIFT_OPTIMIZATION_LEVEL = "-Onone";
			};
			name = Debug;
		};
		0A0EF37628F09E9E005DB3E6 /* Release */ = {
			isa = XCBuildConfiguration;
			buildSettings = {
				ALWAYS_SEARCH_USER_PATHS = NO;
				CLANG_ANALYZER_NONNULL = YES;
				CLANG_ANALYZER_NUMBER_OBJECT_CONVERSION = YES_AGGRESSIVE;
				CLANG_CXX_LANGUAGE_STANDARD = "gnu++20";
				CLANG_ENABLE_MODULES = YES;
				CLANG_ENABLE_OBJC_ARC = YES;
				CLANG_ENABLE_OBJC_WEAK = YES;
				CLANG_WARN_BLOCK_CAPTURE_AUTORELEASING = YES;
				CLANG_WARN_BOOL_CONVERSION = YES;
				CLANG_WARN_COMMA = YES;
				CLANG_WARN_CONSTANT_CONVERSION = YES;
				CLANG_WARN_DEPRECATED_OBJC_IMPLEMENTATIONS = YES;
				CLANG_WARN_DIRECT_OBJC_ISA_USAGE = YES_ERROR;
				CLANG_WARN_DOCUMENTATION_COMMENTS = YES;
				CLANG_WARN_EMPTY_BODY = YES;
				CLANG_WARN_ENUM_CONVERSION = YES;
				CLANG_WARN_INFINITE_RECURSION = YES;
				CLANG_WARN_INT_CONVERSION = YES;
				CLANG_WARN_NON_LITERAL_NULL_CONVERSION = YES;
				CLANG_WARN_OBJC_IMPLICIT_RETAIN_SELF = YES;
				CLANG_WARN_OBJC_LITERAL_CONVERSION = YES;
				CLANG_WARN_OBJC_ROOT_CLASS = YES_ERROR;
				CLANG_WARN_QUOTED_INCLUDE_IN_FRAMEWORK_HEADER = YES;
				CLANG_WARN_RANGE_LOOP_ANALYSIS = YES;
				CLANG_WARN_STRICT_PROTOTYPES = YES;
				CLANG_WARN_SUSPICIOUS_MOVE = YES;
				CLANG_WARN_UNGUARDED_AVAILABILITY = YES_AGGRESSIVE;
				CLANG_WARN_UNREACHABLE_CODE = YES;
				CLANG_WARN__DUPLICATE_METHOD_MATCH = YES;
				COPY_PHASE_STRIP = NO;
				DEBUG_INFORMATION_FORMAT = "dwarf-with-dsym";
				ENABLE_NS_ASSERTIONS = NO;
				ENABLE_STRICT_OBJC_MSGSEND = YES;
				GCC_C_LANGUAGE_STANDARD = gnu11;
				GCC_NO_COMMON_BLOCKS = YES;
				GCC_WARN_64_TO_32_BIT_CONVERSION = YES;
				GCC_WARN_ABOUT_RETURN_TYPE = YES_ERROR;
				GCC_WARN_UNDECLARED_SELECTOR = YES;
				GCC_WARN_UNINITIALIZED_AUTOS = YES_AGGRESSIVE;
				GCC_WARN_UNUSED_FUNCTION = YES;
				GCC_WARN_UNUSED_VARIABLE = YES;
				IPHONEOS_DEPLOYMENT_TARGET = 15.5;
				MTL_ENABLE_DEBUG_INFO = NO;
				MTL_FAST_MATH = YES;
				SDKROOT = iphoneos;
				SWIFT_COMPILATION_MODE = wholemodule;
				SWIFT_OPTIMIZATION_LEVEL = "-O";
				VALIDATE_PRODUCT = YES;
			};
			name = Release;
		};
		0A0EF37828F09E9E005DB3E6 /* Debug */ = {
			isa = XCBuildConfiguration;
			buildSettings = {
				ASSETCATALOG_COMPILER_APPICON_NAME = AppIcon;
				ASSETCATALOG_COMPILER_GLOBAL_ACCENT_COLOR_NAME = AccentColor;
				CODE_SIGN_STYLE = Automatic;
				CURRENT_PROJECT_VERSION = 1;
				DEVELOPMENT_TEAM = 2P9G325S42;
				GENERATE_INFOPLIST_FILE = YES;
				INFOPLIST_FILE = IsteGelsinClone/Info.plist;
				INFOPLIST_KEY_UIApplicationSupportsIndirectInputEvents = YES;
				INFOPLIST_KEY_UILaunchStoryboardName = LaunchScreen;
				INFOPLIST_KEY_UIMainStoryboardFile = Main;
				INFOPLIST_KEY_UISupportedInterfaceOrientations_iPad = "UIInterfaceOrientationPortrait UIInterfaceOrientationPortraitUpsideDown UIInterfaceOrientationLandscapeLeft UIInterfaceOrientationLandscapeRight";
				INFOPLIST_KEY_UISupportedInterfaceOrientations_iPhone = "UIInterfaceOrientationPortrait UIInterfaceOrientationLandscapeLeft UIInterfaceOrientationLandscapeRight";
				IPHONEOS_DEPLOYMENT_TARGET = 15.0;
				LD_RUNPATH_SEARCH_PATHS = (
					"$(inherited)",
					"@executable_path/Frameworks",
				);
				MARKETING_VERSION = 1.0;
				PRODUCT_BUNDLE_IDENTIFIER = com.sedatsametoypan.IsteGelsinClone;
				PRODUCT_NAME = "$(TARGET_NAME)";
				SWIFT_EMIT_LOC_STRINGS = YES;
				SWIFT_VERSION = 5.0;
				TARGETED_DEVICE_FAMILY = "1,2";
			};
			name = Debug;
		};
		0A0EF37928F09E9E005DB3E6 /* Release */ = {
			isa = XCBuildConfiguration;
			buildSettings = {
				ASSETCATALOG_COMPILER_APPICON_NAME = AppIcon;
				ASSETCATALOG_COMPILER_GLOBAL_ACCENT_COLOR_NAME = AccentColor;
				CODE_SIGN_STYLE = Automatic;
				CURRENT_PROJECT_VERSION = 1;
				DEVELOPMENT_TEAM = 2P9G325S42;
				GENERATE_INFOPLIST_FILE = YES;
				INFOPLIST_FILE = IsteGelsinClone/Info.plist;
				INFOPLIST_KEY_UIApplicationSupportsIndirectInputEvents = YES;
				INFOPLIST_KEY_UILaunchStoryboardName = LaunchScreen;
				INFOPLIST_KEY_UIMainStoryboardFile = Main;
				INFOPLIST_KEY_UISupportedInterfaceOrientations_iPad = "UIInterfaceOrientationPortrait UIInterfaceOrientationPortraitUpsideDown UIInterfaceOrientationLandscapeLeft UIInterfaceOrientationLandscapeRight";
				INFOPLIST_KEY_UISupportedInterfaceOrientations_iPhone = "UIInterfaceOrientationPortrait UIInterfaceOrientationLandscapeLeft UIInterfaceOrientationLandscapeRight";
				IPHONEOS_DEPLOYMENT_TARGET = 15.0;
				LD_RUNPATH_SEARCH_PATHS = (
					"$(inherited)",
					"@executable_path/Frameworks",
				);
				MARKETING_VERSION = 1.0;
				PRODUCT_BUNDLE_IDENTIFIER = com.sedatsametoypan.IsteGelsinClone;
				PRODUCT_NAME = "$(TARGET_NAME)";
				SWIFT_EMIT_LOC_STRINGS = YES;
				SWIFT_VERSION = 5.0;
				TARGETED_DEVICE_FAMILY = "1,2";
			};
			name = Release;
		};
/* End XCBuildConfiguration section */

/* Begin XCConfigurationList section */
		0A0EF35E28F09E9B005DB3E6 /* Build configuration list for PBXProject "IsteGelsinClone" */ = {
			isa = XCConfigurationList;
			buildConfigurations = (
				0A0EF37528F09E9E005DB3E6 /* Debug */,
				0A0EF37628F09E9E005DB3E6 /* Release */,
			);
			defaultConfigurationIsVisible = 0;
			defaultConfigurationName = Release;
		};
		0A0EF37728F09E9E005DB3E6 /* Build configuration list for PBXNativeTarget "IsteGelsinClone" */ = {
			isa = XCConfigurationList;
			buildConfigurations = (
				0A0EF37828F09E9E005DB3E6 /* Debug */,
				0A0EF37928F09E9E005DB3E6 /* Release */,
			);
			defaultConfigurationIsVisible = 0;
			defaultConfigurationName = Release;
		};
/* End XCConfigurationList section */
	};
	rootObject = 0A0EF35B28F09E9B005DB3E6 /* Project object */;
}
